
Microsoft Visual Studio Solution File, Format Version 12.00
# Visual Studio Version 16
VisualStudioVersion = 16.0.29215.179
MinimumVisualStudioVersion = 10.0.40219.1
Project("{FAE04EC0-301F-11D3-BF4B-00C04F79EFBC}") = "SentimentRazor2", "SentimentRazor2\SentimentRazor2.csproj", "{D4F1D275-49F6-452D-A3FA-7123BF095532}"
EndProject
Project("{9A19103F-16F7-4668-BE54-9A1E7A4F7556}") = "SentimentRazor2ML.Model", "SentimentRazor2ML.Model\SentimentRazor2ML.Model.csproj", "{054C4ECD-06AA-4872-AA74-C7993AB49C04}"
EndProject
Project("{9A19103F-16F7-4668-BE54-9A1E7A4F7556}") = "SentimentRazor2ML.ConsoleApp", "SentimentRazor2ML.ConsoleApp\SentimentRazor2ML.ConsoleApp.csproj", "{E0BCCE23-82CE-4860-B15C-6F1B0398C262}"
EndProject
Global
	GlobalSection(SolutionConfigurationPlatforms) = preSolution
		Debug|Any CPU = Debug|Any CPU
		Release|Any CPU = Release|Any CPU
	EndGlobalSection
	GlobalSection(ProjectConfigurationPlatforms) = postSolution
		{D4F1D275-49F6-452D-A3FA-7123BF095532}.Debug|Any CPU.ActiveCfg = Debug|Any CPU
		{D4F1D275-49F6-452D-A3FA-7123BF095532}.Debug|Any CPU.Build.0 = Debug|Any CPU
		{D4F1D275-49F6-452D-A3FA-7123BF095532}.Release|Any CPU.ActiveCfg = Release|Any CPU
		{D4F1D275-49F6-452D-A3FA-7123BF095532}.Release|Any CPU.Build.0 = Release|Any CPU
		{054C4ECD-06AA-4872-AA74-C7993AB49C04}.Debug|Any CPU.ActiveCfg = Debug|Any CPU
		{054C4ECD-06AA-4872-AA74-C7993AB49C04}.Debug|Any CPU.Build.0 = Debug|Any CPU
		{054C4ECD-06AA-4872-AA74-C7993AB49C04}.Release|Any CPU.ActiveCfg = Release|Any CPU
		{054C4ECD-06AA-4872-AA74-C7993AB49C04}.Release|Any CPU.Build.0 = Release|Any CPU
		{E0BCCE23-82CE-4860-B15C-6F1B0398C262}.Debug|Any CPU.ActiveCfg = Debug|Any CPU
		{E0BCCE23-82CE-4860-B15C-6F1B0398C262}.Debug|Any CPU.Build.0 = Debug|Any CPU
		{E0BCCE23-82CE-4860-B15C-6F1B0398C262}.Release|Any CPU.ActiveCfg = Release|Any CPU
		{E0BCCE23-82CE-4860-B15C-6F1B0398C262}.Release|Any CPU.Build.0 = Release|Any CPU
	EndGlobalSection
	GlobalSection(SolutionProperties) = preSolution
		HideSolutionNode = FALSE
	EndGlobalSection
	GlobalSection(ExtensibilityGlobals) = postSolution
		SolutionGuid = {362F3F7E-3F21-4A79-8E5E-7D5E8F7B1469}
	EndGlobalSection
EndGlobal
